
Microsoft Visual Studio Solution File, Format Version 12.00
# Visual Studio Version 17
VisualStudioVersion = 17.0.31903.59
MinimumVisualStudioVersion = 10.0.40219.1
Project("{FAE04EC0-301F-11D3-BF4B-00C04F79EFBC}") = "aoc-2024-02", "aoc-2024-02\aoc-2024-02.csproj", "{25F0FBEB-545D-4992-9D6D-A57211D2751D}"
EndProject
Project("{FAE04EC0-301F-11D3-BF4B-00C04F79EFBC}") = "aoc-2024-01", "aoc-2024-01\aoc-2024-01.csproj", "{E4EAF444-FADD-4525-844A-BBB3C373DB12}"
EndProject
Project("{FAE04EC0-301F-11D3-BF4B-00C04F79EFBC}") = "aoc-2024-03", "aoc-2024-03\aoc-2024-03.csproj", "{79E1E33A-499B-4C21-868C-81CB83822E46}"
EndProject
Project("{FAE04EC0-301F-11D3-BF4B-00C04F79EFBC}") = "aoc-2024-04", "aoc-2024-04\aoc-2024-04.csproj", "{224BCE8E-C6F1-4F0E-8C7E-29A1A3348DFE}"
EndProject
Project("{FAE04EC0-301F-11D3-BF4B-00C04F79EFBC}") = "aoc-2024-05", "aoc-2024-05\aoc-2024-05.csproj", "{93B9D148-6C79-4E63-845B-716AD91ACB70}"
EndProject
Project("{FAE04EC0-301F-11D3-BF4B-00C04F79EFBC}") = "aoc-2024-06", "aoc-2024-06\aoc-2024-06.csproj", "{EC7E6A60-ACE9-49D1-8782-EA3B8705FC14}"
EndProject
Project("{FAE04EC0-301F-11D3-BF4B-00C04F79EFBC}") = "aoc-2024-07", "aoc-2024-07\aoc-2024-07.csproj", "{6FAFDA89-4F22-46C1-94DD-7177D36DE8DD}"
EndProject
Project("{FAE04EC0-301F-11D3-BF4B-00C04F79EFBC}") = "aoc-2024-08", "aoc-2024-08\aoc-2024-08.csproj", "{68FD136C-71D7-46B7-8562-8C90709195A8}"
EndProject
Project("{FAE04EC0-301F-11D3-BF4B-00C04F79EFBC}") = "aoc-2024-09", "aoc-2024-09\aoc-2024-09.csproj", "{38A570B4-4BC1-40F1-BDEA-669F82589B39}"
EndProject
Project("{FAE04EC0-301F-11D3-BF4B-00C04F79EFBC}") = "aoc-2024-10", "aoc-2024-10\aoc-2024-10.csproj", "{2F4B86EF-79E5-4EE8-B1C8-F54A3154633C}"
EndProject
Project("{FAE04EC0-301F-11D3-BF4B-00C04F79EFBC}") = "aoc-2024-11", "aoc-2024-11\aoc-2024-11.csproj", "{5DEC1974-9093-4EA1-A092-46FEF85B9995}"
EndProject
Project("{FAE04EC0-301F-11D3-BF4B-00C04F79EFBC}") = "aoc-2024-12", "aoc-2024-12\aoc-2024-12.csproj", "{3DC73E94-E606-4669-A357-AB9DEF416A30}"
EndProject
Project("{FAE04EC0-301F-11D3-BF4B-00C04F79EFBC}") = "aoc-2024-13", "aoc-2024-13\aoc-2024-13.csproj", "{EF1EF5A8-ED85-4260-BFFC-8640AEA037B5}"
EndProject
Project("{FAE04EC0-301F-11D3-BF4B-00C04F79EFBC}") = "aoc-2024-14", "aoc-2024-14\aoc-2024-14.csproj", "{ECC163EA-9EB1-4745-A254-4E08CBBF0004}"
EndProject
Project("{FAE04EC0-301F-11D3-BF4B-00C04F79EFBC}") = "aoc-2024-15", "aoc-2024-15\aoc-2024-15.csproj", "{3980055E-2B90-47A3-B593-6F86150167C2}"
EndProject
Project("{FAE04EC0-301F-11D3-BF4B-00C04F79EFBC}") = "aoc-2024-16", "aoc-2024-16\aoc-2024-16.csproj", "{FFD534EA-97CE-42DF-AD80-3978EFCB38FD}"
EndProject
Project("{FAE04EC0-301F-11D3-BF4B-00C04F79EFBC}") = "aoc-2024-17", "aoc-2024-17\aoc-2024-17.csproj", "{C1FAD5D3-91CA-4FC4-9D7F-55C1135E32B0}"
EndProject
Project("{FAE04EC0-301F-11D3-BF4B-00C04F79EFBC}") = "aoc-2024-18", "aoc-2024-18\aoc-2024-18.csproj", "{04ED8B75-CCB1-4D64-A0AF-9663FB885CCD}"
EndProject
Project("{FAE04EC0-301F-11D3-BF4B-00C04F79EFBC}") = "aoc-2024-19", "aoc-2024-19\aoc-2024-19.csproj", "{1B9330BE-DF63-4225-91EE-B651841F087C}"
EndProject
Project("{FAE04EC0-301F-11D3-BF4B-00C04F79EFBC}") = "aoc-2024-20", "aoc-2024-20\aoc-2024-20.csproj", "{46F79488-8E01-4525-A627-2C6CF61F005B}"
EndProject
Project("{FAE04EC0-301F-11D3-BF4B-00C04F79EFBC}") = "aoc-2024-21", "aoc-2024-21\aoc-2024-21.csproj", "{92900D20-633A-437E-84C1-909D7E26690E}"
EndProject
Project("{FAE04EC0-301F-11D3-BF4B-00C04F79EFBC}") = "aoc-2024-22", "aoc-2024-22\aoc-2024-22.csproj", "{14993BF8-4407-436E-AA7E-D40F543A2935}"
EndProject
Project("{FAE04EC0-301F-11D3-BF4B-00C04F79EFBC}") = "aoc-2024-23", "aoc-2024-23\aoc-2024-23.csproj", "{658E9B46-B39B-4674-86EE-4708B3EC2BB2}"
EndProject
Project("{FAE04EC0-301F-11D3-BF4B-00C04F79EFBC}") = "aoc-2024-24", "aoc-2024-24\aoc-2024-24.csproj", "{C609939B-814D-43FA-8542-2339B5012049}"
EndProject
Project("{FAE04EC0-301F-11D3-BF4B-00C04F79EFBC}") = "aoc-2024-25", "aoc-2024-25\aoc-2024-25.csproj", "{0BEE9CB0-5AA1-4BE7-B309-A14E516D0538}"
EndProject
Global
	GlobalSection(SolutionConfigurationPlatforms) = preSolution
		Debug|Any CPU = Debug|Any CPU
		Release|Any CPU = Release|Any CPU
	EndGlobalSection
	GlobalSection(SolutionProperties) = preSolution
		HideSolutionNode = FALSE
	EndGlobalSection
	GlobalSection(ProjectConfigurationPlatforms) = postSolution
		{25F0FBEB-545D-4992-9D6D-A57211D2751D}.Debug|Any CPU.ActiveCfg = Debug|Any CPU
		{25F0FBEB-545D-4992-9D6D-A57211D2751D}.Debug|Any CPU.Build.0 = Debug|Any CPU
		{25F0FBEB-545D-4992-9D6D-A57211D2751D}.Release|Any CPU.ActiveCfg = Release|Any CPU
		{25F0FBEB-545D-4992-9D6D-A57211D2751D}.Release|Any CPU.Build.0 = Release|Any CPU
		{E4EAF444-FADD-4525-844A-BBB3C373DB12}.Debug|Any CPU.ActiveCfg = Debug|Any CPU
		{E4EAF444-FADD-4525-844A-BBB3C373DB12}.Debug|Any CPU.Build.0 = Debug|Any CPU
		{E4EAF444-FADD-4525-844A-BBB3C373DB12}.Release|Any CPU.ActiveCfg = Release|Any CPU
		{E4EAF444-FADD-4525-844A-BBB3C373DB12}.Release|Any CPU.Build.0 = Release|Any CPU
		{79E1E33A-499B-4C21-868C-81CB83822E46}.Debug|Any CPU.ActiveCfg = Debug|Any CPU
		{79E1E33A-499B-4C21-868C-81CB83822E46}.Debug|Any CPU.Build.0 = Debug|Any CPU
		{79E1E33A-499B-4C21-868C-81CB83822E46}.Release|Any CPU.ActiveCfg = Release|Any CPU
		{79E1E33A-499B-4C21-868C-81CB83822E46}.Release|Any CPU.Build.0 = Release|Any CPU
		{224BCE8E-C6F1-4F0E-8C7E-29A1A3348DFE}.Debug|Any CPU.ActiveCfg = Debug|Any CPU
		{224BCE8E-C6F1-4F0E-8C7E-29A1A3348DFE}.Debug|Any CPU.Build.0 = Debug|Any CPU
		{224BCE8E-C6F1-4F0E-8C7E-29A1A3348DFE}.Release|Any CPU.ActiveCfg = Release|Any CPU
		{224BCE8E-C6F1-4F0E-8C7E-29A1A3348DFE}.Release|Any CPU.Build.0 = Release|Any CPU
		{93B9D148-6C79-4E63-845B-716AD91ACB70}.Debug|Any CPU.ActiveCfg = Debug|Any CPU
		{93B9D148-6C79-4E63-845B-716AD91ACB70}.Debug|Any CPU.Build.0 = Debug|Any CPU
		{93B9D148-6C79-4E63-845B-716AD91ACB70}.Release|Any CPU.ActiveCfg = Release|Any CPU
		{93B9D148-6C79-4E63-845B-716AD91ACB70}.Release|Any CPU.Build.0 = Release|Any CPU
		{EC7E6A60-ACE9-49D1-8782-EA3B8705FC14}.Debug|Any CPU.ActiveCfg = Debug|Any CPU
		{EC7E6A60-ACE9-49D1-8782-EA3B8705FC14}.Debug|Any CPU.Build.0 = Debug|Any CPU
		{EC7E6A60-ACE9-49D1-8782-EA3B8705FC14}.Release|Any CPU.ActiveCfg = Release|Any CPU
		{EC7E6A60-ACE9-49D1-8782-EA3B8705FC14}.Release|Any CPU.Build.0 = Release|Any CPU
		{6FAFDA89-4F22-46C1-94DD-7177D36DE8DD}.Debug|Any CPU.ActiveCfg = Debug|Any CPU
		{6FAFDA89-4F22-46C1-94DD-7177D36DE8DD}.Debug|Any CPU.Build.0 = Debug|Any CPU
		{6FAFDA89-4F22-46C1-94DD-7177D36DE8DD}.Release|Any CPU.ActiveCfg = Release|Any CPU
		{6FAFDA89-4F22-46C1-94DD-7177D36DE8DD}.Release|Any CPU.Build.0 = Release|Any CPU
		{68FD136C-71D7-46B7-8562-8C90709195A8}.Debug|Any CPU.ActiveCfg = Debug|Any CPU
		{68FD136C-71D7-46B7-8562-8C90709195A8}.Debug|Any CPU.Build.0 = Debug|Any CPU
		{68FD136C-71D7-46B7-8562-8C90709195A8}.Release|Any CPU.ActiveCfg = Release|Any CPU
		{68FD136C-71D7-46B7-8562-8C90709195A8}.Release|Any CPU.Build.0 = Release|Any CPU
		{38A570B4-4BC1-40F1-BDEA-669F82589B39}.Debug|Any CPU.ActiveCfg = Debug|Any CPU
		{38A570B4-4BC1-40F1-BDEA-669F82589B39}.Debug|Any CPU.Build.0 = Debug|Any CPU
		{38A570B4-4BC1-40F1-BDEA-669F82589B39}.Release|Any CPU.ActiveCfg = Release|Any CPU
		{38A570B4-4BC1-40F1-BDEA-669F82589B39}.Release|Any CPU.Build.0 = Release|Any CPU
		{2F4B86EF-79E5-4EE8-B1C8-F54A3154633C}.Debug|Any CPU.ActiveCfg = Debug|Any CPU
		{2F4B86EF-79E5-4EE8-B1C8-F54A3154633C}.Debug|Any CPU.Build.0 = Debug|Any CPU
		{2F4B86EF-79E5-4EE8-B1C8-F54A3154633C}.Release|Any CPU.ActiveCfg = Release|Any CPU
		{2F4B86EF-79E5-4EE8-B1C8-F54A3154633C}.Release|Any CPU.Build.0 = Release|Any CPU
		{5DEC1974-9093-4EA1-A092-46FEF85B9995}.Debug|Any CPU.ActiveCfg = Debug|Any CPU
		{5DEC1974-9093-4EA1-A092-46FEF85B9995}.Debug|Any CPU.Build.0 = Debug|Any CPU
		{5DEC1974-9093-4EA1-A092-46FEF85B9995}.Release|Any CPU.ActiveCfg = Release|Any CPU
		{5DEC1974-9093-4EA1-A092-46FEF85B9995}.Release|Any CPU.Build.0 = Release|Any CPU
		{3DC73E94-E606-4669-A357-AB9DEF416A30}.Debug|Any CPU.ActiveCfg = Debug|Any CPU
		{3DC73E94-E606-4669-A357-AB9DEF416A30}.Debug|Any CPU.Build.0 = Debug|Any CPU
		{3DC73E94-E606-4669-A357-AB9DEF416A30}.Release|Any CPU.ActiveCfg = Release|Any CPU
		{3DC73E94-E606-4669-A357-AB9DEF416A30}.Release|Any CPU.Build.0 = Release|Any CPU
		{EF1EF5A8-ED85-4260-BFFC-8640AEA037B5}.Debug|Any CPU.ActiveCfg = Debug|Any CPU
		{EF1EF5A8-ED85-4260-BFFC-8640AEA037B5}.Debug|Any CPU.Build.0 = Debug|Any CPU
		{EF1EF5A8-ED85-4260-BFFC-8640AEA037B5}.Release|Any CPU.ActiveCfg = Release|Any CPU
		{EF1EF5A8-ED85-4260-BFFC-8640AEA037B5}.Release|Any CPU.Build.0 = Release|Any CPU
		{ECC163EA-9EB1-4745-A254-4E08CBBF0004}.Debug|Any CPU.ActiveCfg = Debug|Any CPU
		{ECC163EA-9EB1-4745-A254-4E08CBBF0004}.Debug|Any CPU.Build.0 = Debug|Any CPU
		{ECC163EA-9EB1-4745-A254-4E08CBBF0004}.Release|Any CPU.ActiveCfg = Release|Any CPU
		{ECC163EA-9EB1-4745-A254-4E08CBBF0004}.Release|Any CPU.Build.0 = Release|Any CPU
		{3980055E-2B90-47A3-B593-6F86150167C2}.Debug|Any CPU.ActiveCfg = Debug|Any CPU
		{3980055E-2B90-47A3-B593-6F86150167C2}.Debug|Any CPU.Build.0 = Debug|Any CPU
		{3980055E-2B90-47A3-B593-6F86150167C2}.Release|Any CPU.ActiveCfg = Release|Any CPU
		{3980055E-2B90-47A3-B593-6F86150167C2}.Release|Any CPU.Build.0 = Release|Any CPU
		{FFD534EA-97CE-42DF-AD80-3978EFCB38FD}.Debug|Any CPU.ActiveCfg = Debug|Any CPU
		{FFD534EA-97CE-42DF-AD80-3978EFCB38FD}.Debug|Any CPU.Build.0 = Debug|Any CPU
		{FFD534EA-97CE-42DF-AD80-3978EFCB38FD}.Release|Any CPU.ActiveCfg = Release|Any CPU
		{FFD534EA-97CE-42DF-AD80-3978EFCB38FD}.Release|Any CPU.Build.0 = Release|Any CPU
		{C1FAD5D3-91CA-4FC4-9D7F-55C1135E32B0}.Debug|Any CPU.ActiveCfg = Debug|Any CPU
		{C1FAD5D3-91CA-4FC4-9D7F-55C1135E32B0}.Debug|Any CPU.Build.0 = Debug|Any CPU
		{C1FAD5D3-91CA-4FC4-9D7F-55C1135E32B0}.Release|Any CPU.ActiveCfg = Release|Any CPU
		{C1FAD5D3-91CA-4FC4-9D7F-55C1135E32B0}.Release|Any CPU.Build.0 = Release|Any CPU
		{04ED8B75-CCB1-4D64-A0AF-9663FB885CCD}.Debug|Any CPU.ActiveCfg = Debug|Any CPU
		{04ED8B75-CCB1-4D64-A0AF-9663FB885CCD}.Debug|Any CPU.Build.0 = Debug|Any CPU
		{04ED8B75-CCB1-4D64-A0AF-9663FB885CCD}.Release|Any CPU.ActiveCfg = Release|Any CPU
		{04ED8B75-CCB1-4D64-A0AF-9663FB885CCD}.Release|Any CPU.Build.0 = Release|Any CPU
		{1B9330BE-DF63-4225-91EE-B651841F087C}.Debug|Any CPU.ActiveCfg = Debug|Any CPU
		{1B9330BE-DF63-4225-91EE-B651841F087C}.Debug|Any CPU.Build.0 = Debug|Any CPU
		{1B9330BE-DF63-4225-91EE-B651841F087C}.Release|Any CPU.ActiveCfg = Release|Any CPU
		{1B9330BE-DF63-4225-91EE-B651841F087C}.Release|Any CPU.Build.0 = Release|Any CPU
		{46F79488-8E01-4525-A627-2C6CF61F005B}.Debug|Any CPU.ActiveCfg = Debug|Any CPU
		{46F79488-8E01-4525-A627-2C6CF61F005B}.Debug|Any CPU.Build.0 = Debug|Any CPU
		{46F79488-8E01-4525-A627-2C6CF61F005B}.Release|Any CPU.ActiveCfg = Release|Any CPU
		{46F79488-8E01-4525-A627-2C6CF61F005B}.Release|Any CPU.Build.0 = Release|Any CPU
		{92900D20-633A-437E-84C1-909D7E26690E}.Debug|Any CPU.ActiveCfg = Debug|Any CPU
		{92900D20-633A-437E-84C1-909D7E26690E}.Debug|Any CPU.Build.0 = Debug|Any CPU
		{92900D20-633A-437E-84C1-909D7E26690E}.Release|Any CPU.ActiveCfg = Release|Any CPU
		{92900D20-633A-437E-84C1-909D7E26690E}.Release|Any CPU.Build.0 = Release|Any CPU
		{14993BF8-4407-436E-AA7E-D40F543A2935}.Debug|Any CPU.ActiveCfg = Debug|Any CPU
		{14993BF8-4407-436E-AA7E-D40F543A2935}.Debug|Any CPU.Build.0 = Debug|Any CPU
		{14993BF8-4407-436E-AA7E-D40F543A2935}.Release|Any CPU.ActiveCfg = Release|Any CPU
		{14993BF8-4407-436E-AA7E-D40F543A2935}.Release|Any CPU.Build.0 = Release|Any CPU
		{658E9B46-B39B-4674-86EE-4708B3EC2BB2}.Debug|Any CPU.ActiveCfg = Debug|Any CPU
		{658E9B46-B39B-4674-86EE-4708B3EC2BB2}.Debug|Any CPU.Build.0 = Debug|Any CPU
		{658E9B46-B39B-4674-86EE-4708B3EC2BB2}.Release|Any CPU.ActiveCfg = Release|Any CPU
		{658E9B46-B39B-4674-86EE-4708B3EC2BB2}.Release|Any CPU.Build.0 = Release|Any CPU
		{C609939B-814D-43FA-8542-2339B5012049}.Debug|Any CPU.ActiveCfg = Debug|Any CPU
		{C609939B-814D-43FA-8542-2339B5012049}.Debug|Any CPU.Build.0 = Debug|Any CPU
		{C609939B-814D-43FA-8542-2339B5012049}.Release|Any CPU.ActiveCfg = Release|Any CPU
		{C609939B-814D-43FA-8542-2339B5012049}.Release|Any CPU.Build.0 = Release|Any CPU
		{0BEE9CB0-5AA1-4BE7-B309-A14E516D0538}.Debug|Any CPU.ActiveCfg = Debug|Any CPU
		{0BEE9CB0-5AA1-4BE7-B309-A14E516D0538}.Debug|Any CPU.Build.0 = Debug|Any CPU
		{0BEE9CB0-5AA1-4BE7-B309-A14E516D0538}.Release|Any CPU.ActiveCfg = Release|Any CPU
		{0BEE9CB0-5AA1-4BE7-B309-A14E516D0538}.Release|Any CPU.Build.0 = Release|Any CPU
	EndGlobalSection
EndGlobal
