
Microsoft Visual Studio Solution File, Format Version 12.00
# Visual Studio Version 17
VisualStudioVersion = 17.0.31903.59
MinimumVisualStudioVersion = 10.0.40219.1
Project("{FAE04EC0-301F-11D3-BF4B-00C04F79EFBC}") = "aoc-2024-02", "aoc-2024-02\aoc-2024-02.csproj", "{25F0FBEB-545D-4992-9D6D-A57211D2751D}"
EndProject
Project("{FAE04EC0-301F-11D3-BF4B-00C04F79EFBC}") = "aoc-2024-01", "aoc-2024-01\aoc-2024-01.csproj", "{E4EAF444-FADD-4525-844A-BBB3C373DB12}"
EndProject
Project("{FAE04EC0-301F-11D3-BF4B-00C04F79EFBC}") = "aoc-2024-03", "aoc-2024-03\aoc-2024-03.csproj", "{79E1E33A-499B-4C21-868C-81CB83822E46}"
EndProject
Project("{FAE04EC0-301F-11D3-BF4B-00C04F79EFBC}") = "aoc-2024-04", "aoc-2024-04\aoc-2024-04.csproj", "{224BCE8E-C6F1-4F0E-8C7E-29A1A3348DFE}"
EndProject
Project("{FAE04EC0-301F-11D3-BF4B-00C04F79EFBC}") = "aoc-2024-05", "aoc-2024-05\aoc-2024-05.csproj", "{93B9D148-6C79-4E63-845B-716AD91ACB70}"
EndProject
Project("{FAE04EC0-301F-11D3-BF4B-00C04F79EFBC}") = "aoc-2024-06", "aoc-2024-06\aoc-2024-06.csproj", "{EC7E6A60-ACE9-49D1-8782-EA3B8705FC14}"
EndProject
Project("{FAE04EC0-301F-11D3-BF4B-00C04F79EFBC}") = "aoc-2024-07", "aoc-2024-07\aoc-2024-07.csproj", "{6FAFDA89-4F22-46C1-94DD-7177D36DE8DD}"
EndProject
Project("{FAE04EC0-301F-11D3-BF4B-00C04F79EFBC}") = "aoc-2024-08", "aoc-2024-08\aoc-2024-08.csproj", "{68FD136C-71D7-46B7-8562-8C90709195A8}"
EndProject
Project("{FAE04EC0-301F-11D3-BF4B-00C04F79EFBC}") = "aoc-2024-09", "aoc-2024-09\aoc-2024-09.csproj", "{38A570B4-4BC1-40F1-BDEA-669F82589B39}"
EndProject
Project("{FAE04EC0-301F-11D3-BF4B-00C04F79EFBC}") = "aoc-2024-10", "aoc-2024-10\aoc-2024-10.csproj", "{2F4B86EF-79E5-4EE8-B1C8-F54A3154633C}"
EndProject
Project("{FAE04EC0-301F-11D3-BF4B-00C04F79EFBC}") = "aoc-2024-11", "aoc-2024-11\aoc-2024-11.csproj", "{5DEC1974-9093-4EA1-A092-46FEF85B9995}"
EndProject
Global
	GlobalSection(SolutionConfigurationPlatforms) = preSolution
		Debug|Any CPU = Debug|Any CPU
		Release|Any CPU = Release|Any CPU
	EndGlobalSection
	GlobalSection(SolutionProperties) = preSolution
		HideSolutionNode = FALSE
	EndGlobalSection
	GlobalSection(ProjectConfigurationPlatforms) = postSolution
		{25F0FBEB-545D-4992-9D6D-A57211D2751D}.Debug|Any CPU.ActiveCfg = Debug|Any CPU
		{25F0FBEB-545D-4992-9D6D-A57211D2751D}.Debug|Any CPU.Build.0 = Debug|Any CPU
		{25F0FBEB-545D-4992-9D6D-A57211D2751D}.Release|Any CPU.ActiveCfg = Release|Any CPU
		{25F0FBEB-545D-4992-9D6D-A57211D2751D}.Release|Any CPU.Build.0 = Release|Any CPU
		{E4EAF444-FADD-4525-844A-BBB3C373DB12}.Debug|Any CPU.ActiveCfg = Debug|Any CPU
		{E4EAF444-FADD-4525-844A-BBB3C373DB12}.Debug|Any CPU.Build.0 = Debug|Any CPU
		{E4EAF444-FADD-4525-844A-BBB3C373DB12}.Release|Any CPU.ActiveCfg = Release|Any CPU
		{E4EAF444-FADD-4525-844A-BBB3C373DB12}.Release|Any CPU.Build.0 = Release|Any CPU
		{79E1E33A-499B-4C21-868C-81CB83822E46}.Debug|Any CPU.ActiveCfg = Debug|Any CPU
		{79E1E33A-499B-4C21-868C-81CB83822E46}.Debug|Any CPU.Build.0 = Debug|Any CPU
		{79E1E33A-499B-4C21-868C-81CB83822E46}.Release|Any CPU.ActiveCfg = Release|Any CPU
		{79E1E33A-499B-4C21-868C-81CB83822E46}.Release|Any CPU.Build.0 = Release|Any CPU
		{224BCE8E-C6F1-4F0E-8C7E-29A1A3348DFE}.Debug|Any CPU.ActiveCfg = Debug|Any CPU
		{224BCE8E-C6F1-4F0E-8C7E-29A1A3348DFE}.Debug|Any CPU.Build.0 = Debug|Any CPU
		{224BCE8E-C6F1-4F0E-8C7E-29A1A3348DFE}.Release|Any CPU.ActiveCfg = Release|Any CPU
		{224BCE8E-C6F1-4F0E-8C7E-29A1A3348DFE}.Release|Any CPU.Build.0 = Release|Any CPU
		{93B9D148-6C79-4E63-845B-716AD91ACB70}.Debug|Any CPU.ActiveCfg = Debug|Any CPU
		{93B9D148-6C79-4E63-845B-716AD91ACB70}.Debug|Any CPU.Build.0 = Debug|Any CPU
		{93B9D148-6C79-4E63-845B-716AD91ACB70}.Release|Any CPU.ActiveCfg = Release|Any CPU
		{93B9D148-6C79-4E63-845B-716AD91ACB70}.Release|Any CPU.Build.0 = Release|Any CPU
		{EC7E6A60-ACE9-49D1-8782-EA3B8705FC14}.Debug|Any CPU.ActiveCfg = Debug|Any CPU
		{EC7E6A60-ACE9-49D1-8782-EA3B8705FC14}.Debug|Any CPU.Build.0 = Debug|Any CPU
		{EC7E6A60-ACE9-49D1-8782-EA3B8705FC14}.Release|Any CPU.ActiveCfg = Release|Any CPU
		{EC7E6A60-ACE9-49D1-8782-EA3B8705FC14}.Release|Any CPU.Build.0 = Release|Any CPU
		{6FAFDA89-4F22-46C1-94DD-7177D36DE8DD}.Debug|Any CPU.ActiveCfg = Debug|Any CPU
		{6FAFDA89-4F22-46C1-94DD-7177D36DE8DD}.Debug|Any CPU.Build.0 = Debug|Any CPU
		{6FAFDA89-4F22-46C1-94DD-7177D36DE8DD}.Release|Any CPU.ActiveCfg = Release|Any CPU
		{6FAFDA89-4F22-46C1-94DD-7177D36DE8DD}.Release|Any CPU.Build.0 = Release|Any CPU
		{68FD136C-71D7-46B7-8562-8C90709195A8}.Debug|Any CPU.ActiveCfg = Debug|Any CPU
		{68FD136C-71D7-46B7-8562-8C90709195A8}.Debug|Any CPU.Build.0 = Debug|Any CPU
		{68FD136C-71D7-46B7-8562-8C90709195A8}.Release|Any CPU.ActiveCfg = Release|Any CPU
		{68FD136C-71D7-46B7-8562-8C90709195A8}.Release|Any CPU.Build.0 = Release|Any CPU
		{38A570B4-4BC1-40F1-BDEA-669F82589B39}.Debug|Any CPU.ActiveCfg = Debug|Any CPU
		{38A570B4-4BC1-40F1-BDEA-669F82589B39}.Debug|Any CPU.Build.0 = Debug|Any CPU
		{38A570B4-4BC1-40F1-BDEA-669F82589B39}.Release|Any CPU.ActiveCfg = Release|Any CPU
		{38A570B4-4BC1-40F1-BDEA-669F82589B39}.Release|Any CPU.Build.0 = Release|Any CPU
		{2F4B86EF-79E5-4EE8-B1C8-F54A3154633C}.Debug|Any CPU.ActiveCfg = Debug|Any CPU
		{2F4B86EF-79E5-4EE8-B1C8-F54A3154633C}.Debug|Any CPU.Build.0 = Debug|Any CPU
		{2F4B86EF-79E5-4EE8-B1C8-F54A3154633C}.Release|Any CPU.ActiveCfg = Release|Any CPU
		{2F4B86EF-79E5-4EE8-B1C8-F54A3154633C}.Release|Any CPU.Build.0 = Release|Any CPU
		{5DEC1974-9093-4EA1-A092-46FEF85B9995}.Debug|Any CPU.ActiveCfg = Debug|Any CPU
		{5DEC1974-9093-4EA1-A092-46FEF85B9995}.Debug|Any CPU.Build.0 = Debug|Any CPU
		{5DEC1974-9093-4EA1-A092-46FEF85B9995}.Release|Any CPU.ActiveCfg = Release|Any CPU
		{5DEC1974-9093-4EA1-A092-46FEF85B9995}.Release|Any CPU.Build.0 = Release|Any CPU
	EndGlobalSection
EndGlobal
